// !$*UTF8*$!
{
	archiveVersion = 1;
	classes = {
	};
	objectVersion = 46;
	objects = {

/* Begin PBXBuildFile section */
		312BE86E1ECBBBFD00E141D4 /* FormulaTableViewController.swift in Sources */ = {isa = PBXBuildFile; fileRef = 312BE86D1ECBBBFD00E141D4 /* FormulaTableViewController.swift */; };
		312BE8701ECBBC1200E141D4 /* FormulaTableViewCell.swift in Sources */ = {isa = PBXBuildFile; fileRef = 312BE86F1ECBBC1200E141D4 /* FormulaTableViewCell.swift */; };
		3132435B1F9AB88300179702 /* AddFormulaViewController.swift in Sources */ = {isa = PBXBuildFile; fileRef = 3132435A1F9AB88300179702 /* AddFormulaViewController.swift */; };
		3132435E1F9ABBD700179702 /* CalculateExpression.swift in Sources */ = {isa = PBXBuildFile; fileRef = 3132435D1F9ABBD700179702 /* CalculateExpression.swift */; };
		313243601F9AC20300179702 /* UsingFormulaViewController.swift in Sources */ = {isa = PBXBuildFile; fileRef = 3132435F1F9AC20300179702 /* UsingFormulaViewController.swift */; };
		31BAC0ED1F71DCC900BC881C /* RegisterViewController.swift in Sources */ = {isa = PBXBuildFile; fileRef = 31BAC0EC1F71DCC900BC881C /* RegisterViewController.swift */; };
		31BAC0EF1F71DD0B00BC881C /* RegisterModel.swift in Sources */ = {isa = PBXBuildFile; fileRef = 31BAC0EE1F71DD0B00BC881C /* RegisterModel.swift */; };
		31BAC0F11F71DE1A00BC881C /* ErrorModel.swift in Sources */ = {isa = PBXBuildFile; fileRef = 31BAC0F01F71DE1900BC881C /* ErrorModel.swift */; };
		31E420D81F7B1CEE00333E55 /* UserRead.swift in Sources */ = {isa = PBXBuildFile; fileRef = 31E420D71F7B1CEE00333E55 /* UserRead.swift */; };
		31F5E1851F9FED5500067D70 /* ShareFormulaViewController.swift in Sources */ = {isa = PBXBuildFile; fileRef = 31F5E1841F9FED5500067D70 /* ShareFormulaViewController.swift */; };
		31F5E1871F9FEE4E00067D70 /* FormulaCreate.swift in Sources */ = {isa = PBXBuildFile; fileRef = 31F5E1861F9FEE4E00067D70 /* FormulaCreate.swift */; };
		31F77EA61ECBB29400DAEDBF /* AppDelegate.swift in Sources */ = {isa = PBXBuildFile; fileRef = 31F77EA51ECBB29400DAEDBF /* AppDelegate.swift */; };
		31F77EA81ECBB29400DAEDBF /* ViewController.swift in Sources */ = {isa = PBXBuildFile; fileRef = 31F77EA71ECBB29400DAEDBF /* ViewController.swift */; };
		31F77EAB1ECBB29400DAEDBF /* Main.storyboard in Resources */ = {isa = PBXBuildFile; fileRef = 31F77EA91ECBB29400DAEDBF /* Main.storyboard */; };
		31F77EAD1ECBB29400DAEDBF /* Assets.xcassets in Resources */ = {isa = PBXBuildFile; fileRef = 31F77EAC1ECBB29400DAEDBF /* Assets.xcassets */; };
		31F77EB01ECBB29400DAEDBF /* LaunchScreen.storyboard in Resources */ = {isa = PBXBuildFile; fileRef = 31F77EAE1ECBB29400DAEDBF /* LaunchScreen.storyboard */; };
		31F77EB81ECBB74000DAEDBF /* FormulaRead.swift in Sources */ = {isa = PBXBuildFile; fileRef = 31F77EB71ECBB74000DAEDBF /* FormulaRead.swift */; };
		51BECC7F714E870D140C7BE5 /* Pods_Numerus.framework in Frameworks */ = {isa = PBXBuildFile; fileRef = 1717A84321CFCE588B57C523 /* Pods_Numerus.framework */; };
/* End PBXBuildFile section */

/* Begin PBXFileReference section */
		1717A84321CFCE588B57C523 /* Pods_Numerus.framework */ = {isa = PBXFileReference; explicitFileType = wrapper.framework; includeInIndex = 0; path = Pods_Numerus.framework; sourceTree = BUILT_PRODUCTS_DIR; };
		312BE86D1ECBBBFD00E141D4 /* FormulaTableViewController.swift */ = {isa = PBXFileReference; fileEncoding = 4; lastKnownFileType = sourcecode.swift; path = FormulaTableViewController.swift; sourceTree = "<group>"; };
		312BE86F1ECBBC1200E141D4 /* FormulaTableViewCell.swift */ = {isa = PBXFileReference; fileEncoding = 4; lastKnownFileType = sourcecode.swift; path = FormulaTableViewCell.swift; sourceTree = "<group>"; };
		3132435A1F9AB88300179702 /* AddFormulaViewController.swift */ = {isa = PBXFileReference; lastKnownFileType = sourcecode.swift; path = AddFormulaViewController.swift; sourceTree = "<group>"; };
		3132435D1F9ABBD700179702 /* CalculateExpression.swift */ = {isa = PBXFileReference; lastKnownFileType = sourcecode.swift; path = CalculateExpression.swift; sourceTree = "<group>"; };
		3132435F1F9AC20300179702 /* UsingFormulaViewController.swift */ = {isa = PBXFileReference; lastKnownFileType = sourcecode.swift; path = UsingFormulaViewController.swift; sourceTree = "<group>"; };
		31BAC0EC1F71DCC900BC881C /* RegisterViewController.swift */ = {isa = PBXFileReference; fileEncoding = 4; lastKnownFileType = sourcecode.swift; path = RegisterViewController.swift; sourceTree = "<group>"; };
		31BAC0EE1F71DD0B00BC881C /* RegisterModel.swift */ = {isa = PBXFileReference; fileEncoding = 4; lastKnownFileType = sourcecode.swift; path = RegisterModel.swift; sourceTree = "<group>"; };
		31BAC0F01F71DE1900BC881C /* ErrorModel.swift */ = {isa = PBXFileReference; fileEncoding = 4; lastKnownFileType = sourcecode.swift; path = ErrorModel.swift; sourceTree = "<group>"; };
		31E420D71F7B1CEE00333E55 /* UserRead.swift */ = {isa = PBXFileReference; lastKnownFileType = sourcecode.swift; path = UserRead.swift; sourceTree = "<group>"; };
		31F5E1841F9FED5500067D70 /* ShareFormulaViewController.swift */ = {isa = PBXFileReference; lastKnownFileType = sourcecode.swift; path = ShareFormulaViewController.swift; sourceTree = "<group>"; };
		31F5E1861F9FEE4E00067D70 /* FormulaCreate.swift */ = {isa = PBXFileReference; lastKnownFileType = sourcecode.swift; path = FormulaCreate.swift; sourceTree = "<group>"; };
		31F77EA21ECBB29400DAEDBF /* Numerus.app */ = {isa = PBXFileReference; explicitFileType = wrapper.application; includeInIndex = 0; path = Numerus.app; sourceTree = BUILT_PRODUCTS_DIR; };
		31F77EA51ECBB29400DAEDBF /* AppDelegate.swift */ = {isa = PBXFileReference; lastKnownFileType = sourcecode.swift; path = AppDelegate.swift; sourceTree = "<group>"; };
		31F77EA71ECBB29400DAEDBF /* ViewController.swift */ = {isa = PBXFileReference; lastKnownFileType = sourcecode.swift; path = ViewController.swift; sourceTree = "<group>"; };
		31F77EAA1ECBB29400DAEDBF /* Base */ = {isa = PBXFileReference; lastKnownFileType = file.storyboard; name = Base; path = Base.lproj/Main.storyboard; sourceTree = "<group>"; };
		31F77EAC1ECBB29400DAEDBF /* Assets.xcassets */ = {isa = PBXFileReference; lastKnownFileType = folder.assetcatalog; path = Assets.xcassets; sourceTree = "<group>"; };
		31F77EAF1ECBB29400DAEDBF /* Base */ = {isa = PBXFileReference; lastKnownFileType = file.storyboard; name = Base; path = Base.lproj/LaunchScreen.storyboard; sourceTree = "<group>"; };
		31F77EB11ECBB29400DAEDBF /* Info.plist */ = {isa = PBXFileReference; lastKnownFileType = text.plist.xml; path = Info.plist; sourceTree = "<group>"; };
		31F77EB71ECBB74000DAEDBF /* FormulaRead.swift */ = {isa = PBXFileReference; fileEncoding = 4; lastKnownFileType = sourcecode.swift; path = FormulaRead.swift; sourceTree = "<group>"; };
		3DE3994063E8E7734EDD9D83 /* Pods-Numerus.release.xcconfig */ = {isa = PBXFileReference; includeInIndex = 1; lastKnownFileType = text.xcconfig; name = "Pods-Numerus.release.xcconfig"; path = "Pods/Target Support Files/Pods-Numerus/Pods-Numerus.release.xcconfig"; sourceTree = "<group>"; };
		9CBF52F613859B628D6DD43A /* Pods-Numerus.debug.xcconfig */ = {isa = PBXFileReference; includeInIndex = 1; lastKnownFileType = text.xcconfig; name = "Pods-Numerus.debug.xcconfig"; path = "Pods/Target Support Files/Pods-Numerus/Pods-Numerus.debug.xcconfig"; sourceTree = "<group>"; };
/* End PBXFileReference section */

/* Begin PBXFrameworksBuildPhase section */
		31F77E9F1ECBB29400DAEDBF /* Frameworks */ = {
			isa = PBXFrameworksBuildPhase;
			buildActionMask = 2147483647;
			files = (
				51BECC7F714E870D140C7BE5 /* Pods_Numerus.framework in Frameworks */,
			);
			runOnlyForDeploymentPostprocessing = 0;
		};
/* End PBXFrameworksBuildPhase section */

/* Begin PBXGroup section */
		10050CD89677A4B004EE9B00 /* Frameworks */ = {
			isa = PBXGroup;
			children = (
				1717A84321CFCE588B57C523 /* Pods_Numerus.framework */,
			);
			name = Frameworks;
			sourceTree = "<group>";
		};
		312BE86B1ECBBBE000E141D4 /* Models */ = {
			isa = PBXGroup;
			children = (
				3132435C1F9ABBC000179702 /* Math */,
				31E420DA1F7B1F1C00333E55 /* Create */,
				31E420D91F7B1F1200333E55 /* Read */,
				31BAC0F01F71DE1900BC881C /* ErrorModel.swift */,
			);
			name = Models;
			sourceTree = "<group>";
		};
		312BE86C1ECBBBE800E141D4 /* Controllers */ = {
			isa = PBXGroup;
			children = (
				312BE86D1ECBBBFD00E141D4 /* FormulaTableViewController.swift */,
				312BE86F1ECBBC1200E141D4 /* FormulaTableViewCell.swift */,
				31BAC0EC1F71DCC900BC881C /* RegisterViewController.swift */,
				3132435A1F9AB88300179702 /* AddFormulaViewController.swift */,
				3132435F1F9AC20300179702 /* UsingFormulaViewController.swift */,
				31F5E1841F9FED5500067D70 /* ShareFormulaViewController.swift */,
			);
			name = Controllers;
			sourceTree = "<group>";
		};
		3132435C1F9ABBC000179702 /* Math */ = {
			isa = PBXGroup;
			children = (
				3132435D1F9ABBD700179702 /* CalculateExpression.swift */,
			);
			name = Math;
			sourceTree = "<group>";
		};
		31E420D91F7B1F1200333E55 /* Read */ = {
			isa = PBXGroup;
			children = (
				31F77EB71ECBB74000DAEDBF /* FormulaRead.swift */,
				31E420D71F7B1CEE00333E55 /* UserRead.swift */,
			);
			name = Read;
			sourceTree = "<group>";
		};
		31E420DA1F7B1F1C00333E55 /* Create */ = {
			isa = PBXGroup;
			children = (
				31BAC0EE1F71DD0B00BC881C /* RegisterModel.swift */,
				31F5E1861F9FEE4E00067D70 /* FormulaCreate.swift */,
			);
			name = Create;
			sourceTree = "<group>";
		};
		31F77E991ECBB29400DAEDBF = {
			isa = PBXGroup;
			children = (
				31F77EA41ECBB29400DAEDBF /* Numerus */,
				31F77EA31ECBB29400DAEDBF /* Products */,
				C53015C6AE026C3029F1BDC2 /* Pods */,
				10050CD89677A4B004EE9B00 /* Frameworks */,
			);
			sourceTree = "<group>";
		};
		31F77EA31ECBB29400DAEDBF /* Products */ = {
			isa = PBXGroup;
			children = (
				31F77EA21ECBB29400DAEDBF /* Numerus.app */,
			);
			name = Products;
			sourceTree = "<group>";
		};
		31F77EA41ECBB29400DAEDBF /* Numerus */ = {
			isa = PBXGroup;
			children = (
				312BE86C1ECBBBE800E141D4 /* Controllers */,
				312BE86B1ECBBBE000E141D4 /* Models */,
				31F77EA51ECBB29400DAEDBF /* AppDelegate.swift */,
				31F77EA71ECBB29400DAEDBF /* ViewController.swift */,
				31F77EA91ECBB29400DAEDBF /* Main.storyboard */,
				31F77EAC1ECBB29400DAEDBF /* Assets.xcassets */,
				31F77EAE1ECBB29400DAEDBF /* LaunchScreen.storyboard */,
				31F77EB11ECBB29400DAEDBF /* Info.plist */,
			);
			path = Numerus;
			sourceTree = "<group>";
		};
		C53015C6AE026C3029F1BDC2 /* Pods */ = {
			isa = PBXGroup;
			children = (
				9CBF52F613859B628D6DD43A /* Pods-Numerus.debug.xcconfig */,
				3DE3994063E8E7734EDD9D83 /* Pods-Numerus.release.xcconfig */,
			);
			name = Pods;
			sourceTree = "<group>";
		};
/* End PBXGroup section */

/* Begin PBXNativeTarget section */
		31F77EA11ECBB29400DAEDBF /* Numerus */ = {
			isa = PBXNativeTarget;
			buildConfigurationList = 31F77EB41ECBB29400DAEDBF /* Build configuration list for PBXNativeTarget "Numerus" */;
			buildPhases = (
				0A9BBD32D5FB01ABAF65E3A5 /* [CP] Check Pods Manifest.lock */,
				31F77E9E1ECBB29400DAEDBF /* Sources */,
				31F77E9F1ECBB29400DAEDBF /* Frameworks */,
				31F77EA01ECBB29400DAEDBF /* Resources */,
				BA7571167380BA754BB53DFC /* [CP] Embed Pods Frameworks */,
				AB21D68673E2295A799FB8FB /* [CP] Copy Pods Resources */,
			);
			buildRules = (
			);
			dependencies = (
			);
			name = Numerus;
			productName = Numerus;
			productReference = 31F77EA21ECBB29400DAEDBF /* Numerus.app */;
			productType = "com.apple.product-type.application";
		};
/* End PBXNativeTarget section */

/* Begin PBXProject section */
		31F77E9A1ECBB29400DAEDBF /* Project object */ = {
			isa = PBXProject;
			attributes = {
				LastSwiftUpdateCheck = 0830;
				LastUpgradeCheck = 0830;
				ORGANIZATIONNAME = Webtouch;
				TargetAttributes = {
					31F77EA11ECBB29400DAEDBF = {
						CreatedOnToolsVersion = 8.3.2;
						DevelopmentTeam = J6S2VB9VNK;
						ProvisioningStyle = Automatic;
					};
				};
			};
			buildConfigurationList = 31F77E9D1ECBB29400DAEDBF /* Build configuration list for PBXProject "Numerus" */;
			compatibilityVersion = "Xcode 3.2";
			developmentRegion = English;
			hasScannedForEncodings = 0;
			knownRegions = (
				en,
				Base,
			);
			mainGroup = 31F77E991ECBB29400DAEDBF;
			productRefGroup = 31F77EA31ECBB29400DAEDBF /* Products */;
			projectDirPath = "";
			projectRoot = "";
			targets = (
				31F77EA11ECBB29400DAEDBF /* Numerus */,
			);
		};
/* End PBXProject section */

/* Begin PBXResourcesBuildPhase section */
		31F77EA01ECBB29400DAEDBF /* Resources */ = {
			isa = PBXResourcesBuildPhase;
			buildActionMask = 2147483647;
			files = (
				31F77EB01ECBB29400DAEDBF /* LaunchScreen.storyboard in Resources */,
				31F77EAD1ECBB29400DAEDBF /* Assets.xcassets in Resources */,
				31F77EAB1ECBB29400DAEDBF /* Main.storyboard in Resources */,
			);
			runOnlyForDeploymentPostprocessing = 0;
		};
/* End PBXResourcesBuildPhase section */

/* Begin PBXShellScriptBuildPhase section */
		0A9BBD32D5FB01ABAF65E3A5 /* [CP] Check Pods Manifest.lock */ = {
			isa = PBXShellScriptBuildPhase;
			buildActionMask = 2147483647;
			files = (
			);
			inputPaths = (
			);
			name = "[CP] Check Pods Manifest.lock";
			outputPaths = (
			);
			runOnlyForDeploymentPostprocessing = 0;
			shellPath = /bin/sh;
			shellScript = "diff \"${PODS_PODFILE_DIR_PATH}/Podfile.lock\" \"${PODS_ROOT}/Manifest.lock\" > /dev/null\nif [ $? != 0 ] ; then\n    # print error to STDERR\n    echo \"error: The sandbox is not in sync with the Podfile.lock. Run 'pod install' or update your CocoaPods installation.\" >&2\n    exit 1\nfi\n";
			showEnvVarsInLog = 0;
		};
		AB21D68673E2295A799FB8FB /* [CP] Copy Pods Resources */ = {
			isa = PBXShellScriptBuildPhase;
			buildActionMask = 2147483647;
			files = (
			);
			inputPaths = (
			);
			name = "[CP] Copy Pods Resources";
			outputPaths = (
			);
			runOnlyForDeploymentPostprocessing = 0;
			shellPath = /bin/sh;
			shellScript = "\"${SRCROOT}/Pods/Target Support Files/Pods-Numerus/Pods-Numerus-resources.sh\"\n";
			showEnvVarsInLog = 0;
		};
		BA7571167380BA754BB53DFC /* [CP] Embed Pods Frameworks */ = {
			isa = PBXShellScriptBuildPhase;
			buildActionMask = 2147483647;
			files = (
			);
			inputPaths = (
			);
			name = "[CP] Embed Pods Frameworks";
			outputPaths = (
			);
			runOnlyForDeploymentPostprocessing = 0;
			shellPath = /bin/sh;
			shellScript = "\"${SRCROOT}/Pods/Target Support Files/Pods-Numerus/Pods-Numerus-frameworks.sh\"\n";
			showEnvVarsInLog = 0;
		};
/* End PBXShellScriptBuildPhase section */

/* Begin PBXSourcesBuildPhase section */
		31F77E9E1ECBB29400DAEDBF /* Sources */ = {
			isa = PBXSourcesBuildPhase;
			buildActionMask = 2147483647;
			files = (
				312BE86E1ECBBBFD00E141D4 /* FormulaTableViewController.swift in Sources */,
				3132435B1F9AB88300179702 /* AddFormulaViewController.swift in Sources */,
				31F5E1851F9FED5500067D70 /* ShareFormulaViewController.swift in Sources */,
				31BAC0EF1F71DD0B00BC881C /* RegisterModel.swift in Sources */,
				31F5E1871F9FEE4E00067D70 /* FormulaCreate.swift in Sources */,
				3132435E1F9ABBD700179702 /* CalculateExpression.swift in Sources */,
				313243601F9AC20300179702 /* UsingFormulaViewController.swift in Sources */,
				31F77EA81ECBB29400DAEDBF /* ViewController.swift in Sources */,
				31F77EA61ECBB29400DAEDBF /* AppDelegate.swift in Sources */,
				31BAC0ED1F71DCC900BC881C /* RegisterViewController.swift in Sources */,
				31E420D81F7B1CEE00333E55 /* UserRead.swift in Sources */,
				312BE8701ECBBC1200E141D4 /* FormulaTableViewCell.swift in Sources */,
				31BAC0F11F71DE1A00BC881C /* ErrorModel.swift in Sources */,
				31F77EB81ECBB74000DAEDBF /* FormulaRead.swift in Sources */,
			);
			runOnlyForDeploymentPostprocessing = 0;
		};
/* End PBXSourcesBuildPhase section */

/* Begin PBXVariantGroup section */
		31F77EA91ECBB29400DAEDBF /* Main.storyboard */ = {
			isa = PBXVariantGroup;
			children = (
				31F77EAA1ECBB29400DAEDBF /* Base */,
			);
			name = Main.storyboard;
			sourceTree = "<group>";
		};
		31F77EAE1ECBB29400DAEDBF /* LaunchScreen.storyboard */ = {
			isa = PBXVariantGroup;
			children = (
				31F77EAF1ECBB29400DAEDBF /* Base */,
			);
			name = LaunchScreen.storyboard;
			sourceTree = "<group>";
		};
/* End PBXVariantGroup section */

/* Begin XCBuildConfiguration section */
		31F77EB21ECBB29400DAEDBF /* Debug */ = {
			isa = XCBuildConfiguration;
			buildSettings = {
				ALWAYS_SEARCH_USER_PATHS = NO;
				CLANG_ANALYZER_NONNULL = YES;
				CLANG_ANALYZER_NUMBER_OBJECT_CONVERSION = YES_AGGRESSIVE;
				CLANG_CXX_LANGUAGE_STANDARD = "gnu++0x";
				CLANG_CXX_LIBRARY = "libc++";
				CLANG_ENABLE_MODULES = YES;
				CLANG_ENABLE_OBJC_ARC = YES;
				CLANG_WARN_BOOL_CONVERSION = YES;
				CLANG_WARN_CONSTANT_CONVERSION = YES;
				CLANG_WARN_DIRECT_OBJC_ISA_USAGE = YES_ERROR;
				CLANG_WARN_DOCUMENTATION_COMMENTS = YES;
				CLANG_WARN_EMPTY_BODY = YES;
				CLANG_WARN_ENUM_CONVERSION = YES;
				CLANG_WARN_INFINITE_RECURSION = YES;
				CLANG_WARN_INT_CONVERSION = YES;
				CLANG_WARN_OBJC_ROOT_CLASS = YES_ERROR;
				CLANG_WARN_SUSPICIOUS_MOVE = YES;
				CLANG_WARN_UNREACHABLE_CODE = YES;
				CLANG_WARN__DUPLICATE_METHOD_MATCH = YES;
				"CODE_SIGN_IDENTITY[sdk=iphoneos*]" = "iPhone Developer";
				COPY_PHASE_STRIP = NO;
				DEBUG_INFORMATION_FORMAT = dwarf;
				ENABLE_STRICT_OBJC_MSGSEND = YES;
				ENABLE_TESTABILITY = YES;
				GCC_C_LANGUAGE_STANDARD = gnu99;
				GCC_DYNAMIC_NO_PIC = NO;
				GCC_NO_COMMON_BLOCKS = YES;
				GCC_OPTIMIZATION_LEVEL = 0;
				GCC_PREPROCESSOR_DEFINITIONS = (
					"DEBUG=1",
					"$(inherited)",
				);
				GCC_WARN_64_TO_32_BIT_CONVERSION = YES;
				GCC_WARN_ABOUT_RETURN_TYPE = YES_ERROR;
				GCC_WARN_UNDECLARED_SELECTOR = YES;
				GCC_WARN_UNINITIALIZED_AUTOS = YES_AGGRESSIVE;
				GCC_WARN_UNUSED_FUNCTION = YES;
				GCC_WARN_UNUSED_VARIABLE = YES;
				IPHONEOS_DEPLOYMENT_TARGET = 10.3;
				MTL_ENABLE_DEBUG_INFO = YES;
				ONLY_ACTIVE_ARCH = YES;
				SDKROOT = iphoneos;
				SWIFT_ACTIVE_COMPILATION_CONDITIONS = DEBUG;
				SWIFT_OPTIMIZATION_LEVEL = "-Onone";
				TARGETED_DEVICE_FAMILY = "1,2";
			};
			name = Debug;
		};
		31F77EB31ECBB29400DAEDBF /* Release */ = {
			isa = XCBuildConfiguration;
			buildSettings = {
				ALWAYS_SEARCH_USER_PATHS = NO;
				CLANG_ANALYZER_NONNULL = YES;
				CLANG_ANALYZER_NUMBER_OBJECT_CONVERSION = YES_AGGRESSIVE;
				CLANG_CXX_LANGUAGE_STANDARD = "gnu++0x";
				CLANG_CXX_LIBRARY = "libc++";
				CLANG_ENABLE_MODULES = YES;
				CLANG_ENABLE_OBJC_ARC = YES;
				CLANG_WARN_BOOL_CONVERSION = YES;
				CLANG_WARN_CONSTANT_CONVERSION = YES;
				CLANG_WARN_DIRECT_OBJC_ISA_USAGE = YES_ERROR;
				CLANG_WARN_DOCUMENTATION_COMMENTS = YES;
				CLANG_WARN_EMPTY_BODY = YES;
				CLANG_WARN_ENUM_CONVERSION = YES;
				CLANG_WARN_INFINITE_RECURSION = YES;
				CLANG_WARN_INT_CONVERSION = YES;
				CLANG_WARN_OBJC_ROOT_CLASS = YES_ERROR;
				CLANG_WARN_SUSPICIOUS_MOVE = YES;
				CLANG_WARN_UNREACHABLE_CODE = YES;
				CLANG_WARN__DUPLICATE_METHOD_MATCH = YES;
				"CODE_SIGN_IDENTITY[sdk=iphoneos*]" = "iPhone Developer";
				COPY_PHASE_STRIP = NO;
				DEBUG_INFORMATION_FORMAT = "dwarf-with-dsym";
				ENABLE_NS_ASSERTIONS = NO;
				ENABLE_STRICT_OBJC_MSGSEND = YES;
				GCC_C_LANGUAGE_STANDARD = gnu99;
				GCC_NO_COMMON_BLOCKS = YES;
				GCC_WARN_64_TO_32_BIT_CONVERSION = YES;
				GCC_WARN_ABOUT_RETURN_TYPE = YES_ERROR;
				GCC_WARN_UNDECLARED_SELECTOR = YES;
				GCC_WARN_UNINITIALIZED_AUTOS = YES_AGGRESSIVE;
				GCC_WARN_UNUSED_FUNCTION = YES;
				GCC_WARN_UNUSED_VARIABLE = YES;
				IPHONEOS_DEPLOYMENT_TARGET = 10.3;
				MTL_ENABLE_DEBUG_INFO = NO;
				SDKROOT = iphoneos;
				SWIFT_OPTIMIZATION_LEVEL = "-Owholemodule";
				TARGETED_DEVICE_FAMILY = "1,2";
				VALIDATE_PRODUCT = YES;
			};
			name = Release;
		};
		31F77EB51ECBB29400DAEDBF /* Debug */ = {
			isa = XCBuildConfiguration;
			baseConfigurationReference = 9CBF52F613859B628D6DD43A /* Pods-Numerus.debug.xcconfig */;
			buildSettings = {
				ASSETCATALOG_COMPILER_APPICON_NAME = AppIcon;
				DEVELOPMENT_TEAM = J6S2VB9VNK;
				INFOPLIST_FILE = Numerus/Info.plist;
				LD_RUNPATH_SEARCH_PATHS = "$(inherited) @executable_path/Frameworks";
				PRODUCT_BUNDLE_IDENTIFIER = com.webtouch.Numerus;
				PRODUCT_NAME = "$(TARGET_NAME)";
				SWIFT_VERSION = 3.0;
			};
			name = Debug;
		};
		31F77EB61ECBB29400DAEDBF /* Release */ = {
			isa = XCBuildConfiguration;
			baseConfigurationReference = 3DE3994063E8E7734EDD9D83 /* Pods-Numerus.release.xcconfig */;
			buildSettings = {
				ASSETCATALOG_COMPILER_APPICON_NAME = AppIcon;
				DEVELOPMENT_TEAM = J6S2VB9VNK;
				INFOPLIST_FILE = Numerus/Info.plist;
				LD_RUNPATH_SEARCH_PATHS = "$(inherited) @executable_path/Frameworks";
				PRODUCT_BUNDLE_IDENTIFIER = com.webtouch.Numerus;
				PRODUCT_NAME = "$(TARGET_NAME)";
				SWIFT_VERSION = 3.0;
			};
			name = Release;
		};
/* End XCBuildConfiguration section */

/* Begin XCConfigurationList section */
		31F77E9D1ECBB29400DAEDBF /* Build configuration list for PBXProject "Numerus" */ = {
			isa = XCConfigurationList;
			buildConfigurations = (
				31F77EB21ECBB29400DAEDBF /* Debug */,
				31F77EB31ECBB29400DAEDBF /* Release */,
			);
			defaultConfigurationIsVisible = 0;
			defaultConfigurationName = Release;
		};
		31F77EB41ECBB29400DAEDBF /* Build configuration list for PBXNativeTarget "Numerus" */ = {
			isa = XCConfigurationList;
			buildConfigurations = (
				31F77EB51ECBB29400DAEDBF /* Debug */,
				31F77EB61ECBB29400DAEDBF /* Release */,
			);
			defaultConfigurationIsVisible = 0;
			defaultConfigurationName = Release;
		};
/* End XCConfigurationList section */
	};
	rootObject = 31F77E9A1ECBB29400DAEDBF /* Project object */;
}
